<?xml version="1.0" encoding="UTF-8"?>
<CodeBlocks_project_file>
	<FileVersion major="1" minor="6"/>
	<Project>
		<Option title="test"/>
		<Option makefile_is_custom="1"/>
		<Option compiler="gcc"/>
		<Option virtualFolders="CMake Files\;"/>
		<Build>
			<Target title="all">
				<Option working_dir="/Users/sunguosheng/Code/reQt/build-test-Desktop_Qt_5_9_9_clang_64bit-Debug"/>
				<Option type="4"/>
				<MakeCommands>
					<Build command="/usr/bin/make -j8 -f &quot;/Users/sunguosheng/Code/reQt/build-test-Desktop_Qt_5_9_9_clang_64bit-Debug/Makefile&quot;  VERBOSE=1 all"/>
					<CompileFile command="/usr/bin/make -j8 -f &quot;/Users/sunguosheng/Code/reQt/build-test-Desktop_Qt_5_9_9_clang_64bit-Debug/Makefile&quot;  VERBOSE=1 &quot;$file&quot;"/>
					<Clean command="/usr/bin/make -j8 -f &quot;/Users/sunguosheng/Code/reQt/build-test-Desktop_Qt_5_9_9_clang_64bit-Debug/Makefile&quot;  VERBOSE=1 clean"/>
					<DistClean command="/usr/bin/make -j8 -f &quot;/Users/sunguosheng/Code/reQt/build-test-Desktop_Qt_5_9_9_clang_64bit-Debug/Makefile&quot;  VERBOSE=1 clean"/>
				</MakeCommands>
			</Target>
			<Target title="rebuild_cache">
				<Option working_dir="/Users/sunguosheng/Code/reQt/build-test-Desktop_Qt_5_9_9_clang_64bit-Debug"/>
				<Option type="4"/>
				<MakeCommands>
					<Build command="/usr/bin/make -j8 -f &quot;/Users/sunguosheng/Code/reQt/build-test-Desktop_Qt_5_9_9_clang_64bit-Debug/Makefile&quot;  VERBOSE=1 rebuild_cache"/>
					<CompileFile command="/usr/bin/make -j8 -f &quot;/Users/sunguosheng/Code/reQt/build-test-Desktop_Qt_5_9_9_clang_64bit-Debug/Makefile&quot;  VERBOSE=1 &quot;$file&quot;"/>
					<Clean command="/usr/bin/make -j8 -f &quot;/Users/sunguosheng/Code/reQt/build-test-Desktop_Qt_5_9_9_clang_64bit-Debug/Makefile&quot;  VERBOSE=1 clean"/>
					<DistClean command="/usr/bin/make -j8 -f &quot;/Users/sunguosheng/Code/reQt/build-test-Desktop_Qt_5_9_9_clang_64bit-Debug/Makefile&quot;  VERBOSE=1 clean"/>
				</MakeCommands>
			</Target>
			<Target title="edit_cache">
				<Option working_dir="/Users/sunguosheng/Code/reQt/build-test-Desktop_Qt_5_9_9_clang_64bit-Debug"/>
				<Option type="4"/>
				<MakeCommands>
					<Build command="/usr/bin/make -j8 -f &quot;/Users/sunguosheng/Code/reQt/build-test-Desktop_Qt_5_9_9_clang_64bit-Debug/Makefile&quot;  VERBOSE=1 edit_cache"/>
					<CompileFile command="/usr/bin/make -j8 -f &quot;/Users/sunguosheng/Code/reQt/build-test-Desktop_Qt_5_9_9_clang_64bit-Debug/Makefile&quot;  VERBOSE=1 &quot;$file&quot;"/>
					<Clean command="/usr/bin/make -j8 -f &quot;/Users/sunguosheng/Code/reQt/build-test-Desktop_Qt_5_9_9_clang_64bit-Debug/Makefile&quot;  VERBOSE=1 clean"/>
					<DistClean command="/usr/bin/make -j8 -f &quot;/Users/sunguosheng/Code/reQt/build-test-Desktop_Qt_5_9_9_clang_64bit-Debug/Makefile&quot;  VERBOSE=1 clean"/>
				</MakeCommands>
			</Target>
			<Target title="test">
				<Option output="/Users/sunguosheng/Code/reQt/build-test-Desktop_Qt_5_9_9_clang_64bit-Debug/test" prefix_auto="0" extension_auto="0"/>
				<Option working_dir="/Users/sunguosheng/Code/reQt/build-test-Desktop_Qt_5_9_9_clang_64bit-Debug"/>
				<Option object_output="./"/>
				<Option type="1"/>
				<Option compiler="gcc"/>
				<Compiler>
					<Add directory="/usr/local/include"/>
					<Add directory="/Library/Developer/CommandLineTools/SDKs/MacOSX.sdk/usr/include/c++/v1"/>
					<Add directory="/Library/Developer/CommandLineTools/usr/lib/clang/12.0.5/include"/>
					<Add directory="/Library/Developer/CommandLineTools/SDKs/MacOSX.sdk/usr/include"/>
					<Add directory="/Library/Developer/CommandLineTools/usr/include"/>
					<Add directory="/Library/Developer/CommandLineTools/SDKs/MacOSX.sdk/System/Library/Frameworks"/>
				</Compiler>
				<MakeCommands>
					<Build command="/usr/bin/make -j8 -f &quot;/Users/sunguosheng/Code/reQt/build-test-Desktop_Qt_5_9_9_clang_64bit-Debug/Makefile&quot;  VERBOSE=1 test"/>
					<CompileFile command="/usr/bin/make -j8 -f &quot;/Users/sunguosheng/Code/reQt/build-test-Desktop_Qt_5_9_9_clang_64bit-Debug/Makefile&quot;  VERBOSE=1 &quot;$file&quot;"/>
					<Clean command="/usr/bin/make -j8 -f &quot;/Users/sunguosheng/Code/reQt/build-test-Desktop_Qt_5_9_9_clang_64bit-Debug/Makefile&quot;  VERBOSE=1 clean"/>
					<DistClean command="/usr/bin/make -j8 -f &quot;/Users/sunguosheng/Code/reQt/build-test-Desktop_Qt_5_9_9_clang_64bit-Debug/Makefile&quot;  VERBOSE=1 clean"/>
				</MakeCommands>
			</Target>
			<Target title="test/fast">
				<Option output="/Users/sunguosheng/Code/reQt/build-test-Desktop_Qt_5_9_9_clang_64bit-Debug/test" prefix_auto="0" extension_auto="0"/>
				<Option working_dir="/Users/sunguosheng/Code/reQt/build-test-Desktop_Qt_5_9_9_clang_64bit-Debug"/>
				<Option object_output="./"/>
				<Option type="1"/>
				<Option compiler="gcc"/>
				<Compiler>
					<Add directory="/usr/local/include"/>
					<Add directory="/Library/Developer/CommandLineTools/SDKs/MacOSX.sdk/usr/include/c++/v1"/>
					<Add directory="/Library/Developer/CommandLineTools/usr/lib/clang/12.0.5/include"/>
					<Add directory="/Library/Developer/CommandLineTools/SDKs/MacOSX.sdk/usr/include"/>
					<Add directory="/Library/Developer/CommandLineTools/usr/include"/>
					<Add directory="/Library/Developer/CommandLineTools/SDKs/MacOSX.sdk/System/Library/Frameworks"/>
				</Compiler>
				<MakeCommands>
					<Build command="/usr/bin/make -j8 -f &quot;/Users/sunguosheng/Code/reQt/build-test-Desktop_Qt_5_9_9_clang_64bit-Debug/Makefile&quot;  VERBOSE=1 test/fast"/>
					<CompileFile command="/usr/bin/make -j8 -f &quot;/Users/sunguosheng/Code/reQt/build-test-Desktop_Qt_5_9_9_clang_64bit-Debug/Makefile&quot;  VERBOSE=1 &quot;$file&quot;"/>
					<Clean command="/usr/bin/make -j8 -f &quot;/Users/sunguosheng/Code/reQt/build-test-Desktop_Qt_5_9_9_clang_64bit-Debug/Makefile&quot;  VERBOSE=1 clean"/>
					<DistClean command="/usr/bin/make -j8 -f &quot;/Users/sunguosheng/Code/reQt/build-test-Desktop_Qt_5_9_9_clang_64bit-Debug/Makefile&quot;  VERBOSE=1 clean"/>
				</MakeCommands>
			</Target>
		</Build>
		<Unit filename="/Users/sunguosheng/Code/reQt/test/main.cpp">
			<Option target="test"/>
		</Unit>
		<Unit filename="/Users/sunguosheng/Code/reQt/test/CMakeLists.txt">
			<Option virtualFolder="CMake Files\"/>
		</Unit>
	</Project>
</CodeBlocks_project_file>
